
Microsoft Visual Studio Solution File, Format Version 12.00
# Visual Studio Version 16
VisualStudioVersion = 16.0.30104.148
MinimumVisualStudioVersion = 10.0.40219.1
Project("{FAE04EC0-301F-11D3-BF4B-00C04F79EFBC}") = "FileSystemDesktop", "FileSystemDesktop\FileSystemDesktop.csproj", "{9835B244-85FA-4485-A29B-F0670068C724}"
EndProject
Global
	GlobalSection(SolutionConfigurationPlatforms) = preSolution
		Debug|Any CPU = Debug|Any CPU
		Release|Any CPU = Release|Any CPU
	EndGlobalSection
	GlobalSection(ProjectConfigurationPlatforms) = postSolution
		{9835B244-85FA-4485-A29B-F0670068C724}.Debug|Any CPU.ActiveCfg = Debug|Any CPU
		{9835B244-85FA-4485-A29B-F0670068C724}.Debug|Any CPU.Build.0 = Debug|Any CPU
		{9835B244-85FA-4485-A29B-F0670068C724}.Release|Any CPU.ActiveCfg = Release|Any CPU
		{9835B244-85FA-4485-A29B-F0670068C724}.Release|Any CPU.Build.0 = Release|Any CPU
	EndGlobalSection
	GlobalSection(SolutionProperties) = preSolution
		HideSolutionNode = FALSE
	EndGlobalSection
	GlobalSection(ExtensibilityGlobals) = postSolution
		SolutionGuid = {FC262209-9B99-4A77-9268-258F24B9723E}
	EndGlobalSection
EndGlobal
